{
  "nodes": {
    "flake-utils": {
      "locked": {
        "lastModified": 1678901627,
        "narHash": "sha256-U02riOqrKKzwjsxc/400XnElV+1+rcbDc9fIHwHeh3A=",
        "owner": "numtide",
        "repo": "flake-utils",
        "rev": "93a96c9d4aaf5d3b5b96e99196c60a6d9a7d8d77",
        "type": "github"
      },
      "original": {
        "owner": "numtide",
        "repo": "flake-utils",
        "type": "github"
      }
    },
    "nixpkgs": {
      "locked": {
        "lastModified": 1732014248,
        "narHash": "sha256-y/MEyuJ5oBzG0kF4mJ2GITSu1NMk23FckyYr4A0fQ84=",
        "owner": "NixOS",
        "repo": "nixpkgs",
        "rev": "c1e3b9decd87c24bba35d4a3d03cbc95c6f4a6a9",
        "type": "github"
      },
      "original": {
        "owner": "NixOS",
        "ref": "nixos-unstable",
        "repo": "nixpkgs",
        "type": "github"
      }
    },
    "root": {
      "inputs": {
        "flake-utils": "flake-utils",
        "nixpkgs": "nixpkgs"
      }
    }
  },
  "root": "root",
  "version": 7
}